
Microsoft Visual Studio Solution File, Format Version 12.00
# Visual Studio Version 17
VisualStudioVersion = 17.14.36414.22 d17.14
MinimumVisualStudioVersion = 10.0.40219.1
Project("{FAE04EC0-301F-11D3-BF4B-00C04F79EFBC}") = "FMS_WebAPI", "FMS_WebAPI\FMS_WebAPI.csproj", "{5B8E334C-A510-4E9B-B953-2ED4D5845C8D}"
EndProject
Global
	GlobalSection(SolutionConfigurationPlatforms) = preSolution
		Debug|Any CPU = Debug|Any CPU
		Release|Any CPU = Release|Any CPU
	EndGlobalSection
	GlobalSection(ProjectConfigurationPlatforms) = postSolution
		{5B8E334C-A510-4E9B-B953-2ED4D5845C8D}.Debug|Any CPU.ActiveCfg = Debug|Any CPU
		{5B8E334C-A510-4E9B-B953-2ED4D5845C8D}.Debug|Any CPU.Build.0 = Debug|Any CPU
		{5B8E334C-A510-4E9B-B953-2ED4D5845C8D}.Release|Any CPU.ActiveCfg = Release|Any CPU
		{5B8E334C-A510-4E9B-B953-2ED4D5845C8D}.Release|Any CPU.Build.0 = Release|Any CPU
	EndGlobalSection
	GlobalSection(SolutionProperties) = preSolution
		HideSolutionNode = FALSE
	EndGlobalSection
	GlobalSection(ExtensibilityGlobals) = postSolution
		SolutionGuid = {3EAED4B1-22D5-4B44-80C0-B5500EB09719}
	EndGlobalSection
EndGlobal
